{
  "name": "demo-api",
  "version": "1.0.0",
  "lockfileVersion": 3,
  "requires": true,
  "packages": {
    "": {
      "name": "demo-api",
      "version": "1.0.0",
      "dependencies": {
        "express": "4.17.1",
        "lodash": "4.17.15",
        "request": "2.88.2"
      },
      "devDependencies": {
        "minimist": "1.2.0"
      }
    },
    "node_modules/express": {
      "version": "4.17.1",
      "resolved": "https://registry.npmjs.org/express/-/express-4.17.1.tgz",
      "dependencies": {
        "body-parser": "1.19.0",
        "cookie": "0.4.0",
        "qs": "6.7.0"
      }
    },
    "node_modules/body-parser": {
      "version": "1.19.0",
      "resolved": "https://registry.npmjs.org/body-parser/-/body-parser-1.19.0.tgz",
      "dependencies": {
        "qs": "6.7.0"
      }
    },
    "node_modules/cookie": {
      "version": "0.4.0",
      "resolved": "https://registry.npmjs.org/cookie/-/cookie-0.4.0.tgz"
    },
    "node_modules/qs": {
      "version": "6.7.0",
      "resolved": "https://registry.npmjs.org/qs/-/qs-6.7.0.tgz"
    },
    "node_modules/lodash": {
      "version": "4.17.15",
      "resolved": "https://registry.npmjs.org/lodash/-/lodash-4.17.15.tgz"
    },
    "node_modules/request": {
      "version": "2.88.2",
      "resolved": "https://registry.npmjs.org/request/-/request-2.88.2.tgz",
      "dependencies": {
        "tough-cookie": "2.5.0"
      }
    },
    "node_modules/tough-cookie": {
      "version": "2.5.0",
      "resolved": "https://registry.npmjs.org/tough-cookie/-/tough-cookie-2.5.0.tgz"
    },
    "node_modules/minimist": {
      "version": "1.2.0",
      "dev": true,
      "resolved": "https://registry.npmjs.org/minimist/-/minimist-1.2.0.tgz"
    }
  }
}
