# This file is generated by running "yarn install" inside your project.
# Manual changes might be lost - proceed with caution!

__metadata:
  version: 8
  cacheKey: 10c0

"chalk@npm:^5.3.0":
  version: 5.3.0
  resolution: "chalk@npm:5.3.0"
  checksum: 10c0/79e6be5d3e6b972fd9cf0f6bb2af4c4c7a0e5e0a77e5b7ae0a5e7a6c9c8a4b7c
  languageName: node
  linkType: hard
